
Microsoft Visual Studio Solution File, Format Version 12.00
# Visual Studio Version 16
VisualStudioVersion = 16.0.29025.244
MinimumVisualStudioVersion = 10.0.40219.1
Project("{FAE04EC0-301F-11D3-BF4B-00C04F79EFBC}") = "SampleApp", "SampleApp\SampleApp.csproj", "{D9EFFCCE-D280-42FA-A513-3127E4DF8FAA}"
EndProject
Project("{9A19103F-16F7-4668-BE54-9A1E7A4F7556}") = "EPPlusExtensions.Standard", "EPPlusExtensions.Standard\EPPlusExtensions.Standard.csproj", "{61C85A35-F5B4-4EDA-933F-794AE04527E3}"
EndProject
Project("{FAE04EC0-301F-11D3-BF4B-00C04F79EFBC}") = "core31", "core21\core31.csproj", "{805C5DDF-D51F-4A31-8C6D-0ACACC8535A4}"
EndProject
Project("{FAE04EC0-301F-11D3-BF4B-00C04F79EFBC}") = "core30", "core30\core30.csproj", "{C69B8050-9F4E-41CF-831D-DFC98366DCA1}"
EndProject
Project("{2150E333-8FDC-42A3-9474-1A3956D46DE8}") = "nugetTest", "nugetTest", "{A519C0AE-CAC1-4DC1-9DF8-DC606D1C7332}"
EndProject
Project("{FAE04EC0-301F-11D3-BF4B-00C04F79EFBC}") = "core22", "core22\core22.csproj", "{EC462F01-C3F7-4502-9C89-BA99A59951A2}"
EndProject
Project("{FAE04EC0-301F-11D3-BF4B-00C04F79EFBC}") = "nfx45", "nfx45\nfx45.csproj", "{E16D9F57-D77E-4E59-8EAD-42C0DE5D0998}"
EndProject
Project("{FAE04EC0-301F-11D3-BF4B-00C04F79EFBC}") = "SampleApp.Test", "SampleApp.Test\SampleApp.Test.csproj", "{2DEBE950-6627-45E1-9F98-18EEE9EA3823}"
EndProject
Project("{FAE04EC0-301F-11D3-BF4B-00C04F79EFBC}") = "EPPlusTool", "EPPlusTool\EPPlusTool.csproj", "{25340288-E16F-4E67-85C9-8A4A7E921AAF}"
EndProject
Global
	GlobalSection(SolutionConfigurationPlatforms) = preSolution
		Debug|Any CPU = Debug|Any CPU
		Release|Any CPU = Release|Any CPU
	EndGlobalSection
	GlobalSection(ProjectConfigurationPlatforms) = postSolution
		{D9EFFCCE-D280-42FA-A513-3127E4DF8FAA}.Debug|Any CPU.ActiveCfg = Debug|Any CPU
		{D9EFFCCE-D280-42FA-A513-3127E4DF8FAA}.Debug|Any CPU.Build.0 = Debug|Any CPU
		{D9EFFCCE-D280-42FA-A513-3127E4DF8FAA}.Release|Any CPU.ActiveCfg = Release|Any CPU
		{D9EFFCCE-D280-42FA-A513-3127E4DF8FAA}.Release|Any CPU.Build.0 = Release|Any CPU
		{61C85A35-F5B4-4EDA-933F-794AE04527E3}.Debug|Any CPU.ActiveCfg = Debug|Any CPU
		{61C85A35-F5B4-4EDA-933F-794AE04527E3}.Debug|Any CPU.Build.0 = Debug|Any CPU
		{61C85A35-F5B4-4EDA-933F-794AE04527E3}.Release|Any CPU.ActiveCfg = Release|Any CPU
		{61C85A35-F5B4-4EDA-933F-794AE04527E3}.Release|Any CPU.Build.0 = Release|Any CPU
		{805C5DDF-D51F-4A31-8C6D-0ACACC8535A4}.Debug|Any CPU.ActiveCfg = Debug|Any CPU
		{805C5DDF-D51F-4A31-8C6D-0ACACC8535A4}.Debug|Any CPU.Build.0 = Debug|Any CPU
		{805C5DDF-D51F-4A31-8C6D-0ACACC8535A4}.Release|Any CPU.ActiveCfg = Release|Any CPU
		{805C5DDF-D51F-4A31-8C6D-0ACACC8535A4}.Release|Any CPU.Build.0 = Release|Any CPU
		{C69B8050-9F4E-41CF-831D-DFC98366DCA1}.Debug|Any CPU.ActiveCfg = Debug|Any CPU
		{C69B8050-9F4E-41CF-831D-DFC98366DCA1}.Debug|Any CPU.Build.0 = Debug|Any CPU
		{C69B8050-9F4E-41CF-831D-DFC98366DCA1}.Release|Any CPU.ActiveCfg = Release|Any CPU
		{C69B8050-9F4E-41CF-831D-DFC98366DCA1}.Release|Any CPU.Build.0 = Release|Any CPU
		{EC462F01-C3F7-4502-9C89-BA99A59951A2}.Debug|Any CPU.ActiveCfg = Debug|Any CPU
		{EC462F01-C3F7-4502-9C89-BA99A59951A2}.Debug|Any CPU.Build.0 = Debug|Any CPU
		{EC462F01-C3F7-4502-9C89-BA99A59951A2}.Release|Any CPU.ActiveCfg = Release|Any CPU
		{EC462F01-C3F7-4502-9C89-BA99A59951A2}.Release|Any CPU.Build.0 = Release|Any CPU
		{E16D9F57-D77E-4E59-8EAD-42C0DE5D0998}.Debug|Any CPU.ActiveCfg = Debug|Any CPU
		{E16D9F57-D77E-4E59-8EAD-42C0DE5D0998}.Debug|Any CPU.Build.0 = Debug|Any CPU
		{E16D9F57-D77E-4E59-8EAD-42C0DE5D0998}.Release|Any CPU.ActiveCfg = Release|Any CPU
		{E16D9F57-D77E-4E59-8EAD-42C0DE5D0998}.Release|Any CPU.Build.0 = Release|Any CPU
		{2DEBE950-6627-45E1-9F98-18EEE9EA3823}.Debug|Any CPU.ActiveCfg = Debug|Any CPU
		{2DEBE950-6627-45E1-9F98-18EEE9EA3823}.Debug|Any CPU.Build.0 = Debug|Any CPU
		{2DEBE950-6627-45E1-9F98-18EEE9EA3823}.Release|Any CPU.ActiveCfg = Release|Any CPU
		{2DEBE950-6627-45E1-9F98-18EEE9EA3823}.Release|Any CPU.Build.0 = Release|Any CPU
		{25340288-E16F-4E67-85C9-8A4A7E921AAF}.Debug|Any CPU.ActiveCfg = Debug|Any CPU
		{25340288-E16F-4E67-85C9-8A4A7E921AAF}.Debug|Any CPU.Build.0 = Debug|Any CPU
		{25340288-E16F-4E67-85C9-8A4A7E921AAF}.Release|Any CPU.ActiveCfg = Release|Any CPU
		{25340288-E16F-4E67-85C9-8A4A7E921AAF}.Release|Any CPU.Build.0 = Release|Any CPU
	EndGlobalSection
	GlobalSection(SolutionProperties) = preSolution
		HideSolutionNode = FALSE
	EndGlobalSection
	GlobalSection(NestedProjects) = preSolution
		{805C5DDF-D51F-4A31-8C6D-0ACACC8535A4} = {A519C0AE-CAC1-4DC1-9DF8-DC606D1C7332}
		{C69B8050-9F4E-41CF-831D-DFC98366DCA1} = {A519C0AE-CAC1-4DC1-9DF8-DC606D1C7332}
		{EC462F01-C3F7-4502-9C89-BA99A59951A2} = {A519C0AE-CAC1-4DC1-9DF8-DC606D1C7332}
		{E16D9F57-D77E-4E59-8EAD-42C0DE5D0998} = {A519C0AE-CAC1-4DC1-9DF8-DC606D1C7332}
	EndGlobalSection
	GlobalSection(ExtensibilityGlobals) = postSolution
		SolutionGuid = {D1884036-2D3A-419A-81FC-B9E20943ABB8}
	EndGlobalSection
EndGlobal
